// !$*UTF8*$!
{
	archiveVersion = 1;
	classes = {
	};
	objectVersion = 46;
	objects = {

/* Begin PBXBuildFile section */
		A8B00D671A87D5A3008ABABB /* jump.wav in Resources */ = {isa = PBXBuildFile; fileRef = A8B00D651A87D5A3008ABABB /* jump.wav */; };
		A8B00D681A87D5A3008ABABB /* hurt.wav in Resources */ = {isa = PBXBuildFile; fileRef = A8B00D661A87D5A3008ABABB /* hurt.wav */; };
		A8BD6EFE1A86262A00E9FC95 /* JSTileMap.m in Sources */ = {isa = PBXBuildFile; fileRef = A8BD6EFB1A86262A00E9FC95 /* JSTileMap.m */; };
		A8BD6EFF1A86262A00E9FC95 /* LFCGzipUtility.m in Sources */ = {isa = PBXBuildFile; fileRef = A8BD6EFD1A86262A00E9FC95 /* LFCGzipUtility.m */; };
		A8BD6F021A86307F00E9FC95 /* World1Level1.tmx in Resources */ = {isa = PBXBuildFile; fileRef = A8BD6F011A86307F00E9FC95 /* World1Level1.tmx */; };
		A8BD6F051A86330800E9FC95 /* Player.swift in Sources */ = {isa = PBXBuildFile; fileRef = A8BD6F041A86330800E9FC95 /* Player.swift */; };
		A8BD6F071A86371D00E9FC95 /* libz.dylib in Frameworks */ = {isa = PBXBuildFile; fileRef = A8BD6F061A86371D00E9FC95 /* libz.dylib */; };
		A8BD6F0A1A8638A300E9FC95 /* tiles_spritesheet.png in Resources */ = {isa = PBXBuildFile; fileRef = A8BD6F091A8638A300E9FC95 /* tiles_spritesheet.png */; };
		A8BD6F0C1A86415E00E9FC95 /* bush.png in Resources */ = {isa = PBXBuildFile; fileRef = A8BD6F0B1A86415E00E9FC95 /* bush.png */; };
		A8BD6F101A86C36200E9FC95 /* SKUtils.swift in Sources */ = {isa = PBXBuildFile; fileRef = A8BD6F0F1A86C36200E9FC95 /* SKUtils.swift */; };
		A8BD6F121A87546100E9FC95 /* GameOverScene.swift in Sources */ = {isa = PBXBuildFile; fileRef = A8BD6F111A87546100E9FC95 /* GameOverScene.swift */; };
		A8BD6F141A879E5000E9FC95 /* WorldLevel.swift in Sources */ = {isa = PBXBuildFile; fileRef = A8BD6F131A879E5000E9FC95 /* WorldLevel.swift */; };
		A8F488921A8541F700B76BEF /* AppDelegate.swift in Sources */ = {isa = PBXBuildFile; fileRef = A8F488911A8541F700B76BEF /* AppDelegate.swift */; };
		A8F488961A8541F700B76BEF /* GameLevelScene.swift in Sources */ = {isa = PBXBuildFile; fileRef = A8F488951A8541F700B76BEF /* GameLevelScene.swift */; };
		A8F488981A8541F700B76BEF /* GameViewController.swift in Sources */ = {isa = PBXBuildFile; fileRef = A8F488971A8541F700B76BEF /* GameViewController.swift */; };
		A8F4889B1A8541F700B76BEF /* Main.storyboard in Resources */ = {isa = PBXBuildFile; fileRef = A8F488991A8541F700B76BEF /* Main.storyboard */; };
		A8F4889D1A8541F700B76BEF /* Images.xcassets in Resources */ = {isa = PBXBuildFile; fileRef = A8F4889C1A8541F700B76BEF /* Images.xcassets */; };
		A8F488A01A8541F700B76BEF /* LaunchScreen.xib in Resources */ = {isa = PBXBuildFile; fileRef = A8F4889E1A8541F700B76BEF /* LaunchScreen.xib */; };
		A8F488AC1A8541F700B76BEF /* BadTweetTests.swift in Sources */ = {isa = PBXBuildFile; fileRef = A8F488AB1A8541F700B76BEF /* BadTweetTests.swift */; };
/* End PBXBuildFile section */

/* Begin PBXContainerItemProxy section */
		A8F488A61A8541F700B76BEF /* PBXContainerItemProxy */ = {
			isa = PBXContainerItemProxy;
			containerPortal = A8F488841A8541F700B76BEF /* Project object */;
			proxyType = 1;
			remoteGlobalIDString = A8F4888B1A8541F700B76BEF;
			remoteInfo = BadTweet;
		};
/* End PBXContainerItemProxy section */

/* Begin PBXFileReference section */
		A8B00D651A87D5A3008ABABB /* jump.wav */ = {isa = PBXFileReference; lastKnownFileType = audio.wav; path = jump.wav; sourceTree = "<group>"; };
		A8B00D661A87D5A3008ABABB /* hurt.wav */ = {isa = PBXFileReference; lastKnownFileType = audio.wav; path = hurt.wav; sourceTree = "<group>"; };
		A8BD6EF91A86262900E9FC95 /* BadTweet-Bridging-Header.h */ = {isa = PBXFileReference; lastKnownFileType = sourcecode.c.h; path = "BadTweet-Bridging-Header.h"; sourceTree = "<group>"; };
		A8BD6EFA1A86262A00E9FC95 /* JSTileMap.h */ = {isa = PBXFileReference; fileEncoding = 4; lastKnownFileType = sourcecode.c.h; path = JSTileMap.h; sourceTree = "<group>"; };
		A8BD6EFB1A86262A00E9FC95 /* JSTileMap.m */ = {isa = PBXFileReference; fileEncoding = 4; lastKnownFileType = sourcecode.c.objc; path = JSTileMap.m; sourceTree = "<group>"; };
		A8BD6EFC1A86262A00E9FC95 /* LFCGzipUtility.h */ = {isa = PBXFileReference; fileEncoding = 4; lastKnownFileType = sourcecode.c.h; path = LFCGzipUtility.h; sourceTree = "<group>"; };
		A8BD6EFD1A86262A00E9FC95 /* LFCGzipUtility.m */ = {isa = PBXFileReference; fileEncoding = 4; lastKnownFileType = sourcecode.c.objc; path = LFCGzipUtility.m; sourceTree = "<group>"; };
		A8BD6F011A86307F00E9FC95 /* World1Level1.tmx */ = {isa = PBXFileReference; fileEncoding = 4; lastKnownFileType = text.xml; path = World1Level1.tmx; sourceTree = "<group>"; };
		A8BD6F041A86330800E9FC95 /* Player.swift */ = {isa = PBXFileReference; fileEncoding = 4; lastKnownFileType = sourcecode.swift; path = Player.swift; sourceTree = "<group>"; };
		A8BD6F061A86371D00E9FC95 /* libz.dylib */ = {isa = PBXFileReference; lastKnownFileType = "compiled.mach-o.dylib"; name = libz.dylib; path = usr/lib/libz.dylib; sourceTree = SDKROOT; };
		A8BD6F091A8638A300E9FC95 /* tiles_spritesheet.png */ = {isa = PBXFileReference; lastKnownFileType = image.png; path = tiles_spritesheet.png; sourceTree = "<group>"; };
		A8BD6F0B1A86415E00E9FC95 /* bush.png */ = {isa = PBXFileReference; lastKnownFileType = image.png; path = bush.png; sourceTree = "<group>"; };
		A8BD6F0F1A86C36200E9FC95 /* SKUtils.swift */ = {isa = PBXFileReference; fileEncoding = 4; lastKnownFileType = sourcecode.swift; path = SKUtils.swift; sourceTree = "<group>"; };
		A8BD6F111A87546100E9FC95 /* GameOverScene.swift */ = {isa = PBXFileReference; fileEncoding = 4; lastKnownFileType = sourcecode.swift; path = GameOverScene.swift; sourceTree = "<group>"; };
		A8BD6F131A879E5000E9FC95 /* WorldLevel.swift */ = {isa = PBXFileReference; fileEncoding = 4; lastKnownFileType = sourcecode.swift; path = WorldLevel.swift; sourceTree = "<group>"; };
		A8F4888C1A8541F700B76BEF /* BadTweet.app */ = {isa = PBXFileReference; explicitFileType = wrapper.application; includeInIndex = 0; path = BadTweet.app; sourceTree = BUILT_PRODUCTS_DIR; };
		A8F488901A8541F700B76BEF /* Info.plist */ = {isa = PBXFileReference; lastKnownFileType = text.plist.xml; path = Info.plist; sourceTree = "<group>"; };
		A8F488911A8541F700B76BEF /* AppDelegate.swift */ = {isa = PBXFileReference; lastKnownFileType = sourcecode.swift; path = AppDelegate.swift; sourceTree = "<group>"; };
		A8F488951A8541F700B76BEF /* GameLevelScene.swift */ = {isa = PBXFileReference; lastKnownFileType = sourcecode.swift; path = GameLevelScene.swift; sourceTree = "<group>"; };
		A8F488971A8541F700B76BEF /* GameViewController.swift */ = {isa = PBXFileReference; lastKnownFileType = sourcecode.swift; path = GameViewController.swift; sourceTree = "<group>"; };
		A8F4889A1A8541F700B76BEF /* Base */ = {isa = PBXFileReference; lastKnownFileType = file.storyboard; name = Base; path = Base.lproj/Main.storyboard; sourceTree = "<group>"; };
		A8F4889C1A8541F700B76BEF /* Images.xcassets */ = {isa = PBXFileReference; lastKnownFileType = folder.assetcatalog; path = Images.xcassets; sourceTree = "<group>"; };
		A8F4889F1A8541F700B76BEF /* Base */ = {isa = PBXFileReference; lastKnownFileType = file.xib; name = Base; path = Base.lproj/LaunchScreen.xib; sourceTree = "<group>"; };
		A8F488A51A8541F700B76BEF /* BadTweetTests.xctest */ = {isa = PBXFileReference; explicitFileType = wrapper.cfbundle; includeInIndex = 0; path = BadTweetTests.xctest; sourceTree = BUILT_PRODUCTS_DIR; };
		A8F488AA1A8541F700B76BEF /* Info.plist */ = {isa = PBXFileReference; lastKnownFileType = text.plist.xml; path = Info.plist; sourceTree = "<group>"; };
		A8F488AB1A8541F700B76BEF /* BadTweetTests.swift */ = {isa = PBXFileReference; lastKnownFileType = sourcecode.swift; path = BadTweetTests.swift; sourceTree = "<group>"; };
/* End PBXFileReference section */

/* Begin PBXFrameworksBuildPhase section */
		A8F488891A8541F700B76BEF /* Frameworks */ = {
			isa = PBXFrameworksBuildPhase;
			buildActionMask = 2147483647;
			files = (
				A8BD6F071A86371D00E9FC95 /* libz.dylib in Frameworks */,
			);
			runOnlyForDeploymentPostprocessing = 0;
		};
		A8F488A21A8541F700B76BEF /* Frameworks */ = {
			isa = PBXFrameworksBuildPhase;
			buildActionMask = 2147483647;
			files = (
			);
			runOnlyForDeploymentPostprocessing = 0;
		};
/* End PBXFrameworksBuildPhase section */

/* Begin PBXGroup section */
		A8B00D641A87D533008ABABB /* Sounds */ = {
			isa = PBXGroup;
			children = (
				A8B00D651A87D5A3008ABABB /* jump.wav */,
				A8B00D661A87D5A3008ABABB /* hurt.wav */,
			);
			name = Sounds;
			sourceTree = "<group>";
		};
		A8BD6F001A86263200E9FC95 /* JSTileMap */ = {
			isa = PBXGroup;
			children = (
				A8BD6EFA1A86262A00E9FC95 /* JSTileMap.h */,
				A8BD6EFB1A86262A00E9FC95 /* JSTileMap.m */,
				A8BD6EFC1A86262A00E9FC95 /* LFCGzipUtility.h */,
				A8BD6EFD1A86262A00E9FC95 /* LFCGzipUtility.m */,
			);
			name = JSTileMap;
			sourceTree = "<group>";
		};
		A8BD6F031A86308400E9FC95 /* Levels */ = {
			isa = PBXGroup;
			children = (
				A8BD6F011A86307F00E9FC95 /* World1Level1.tmx */,
			);
			name = Levels;
			sourceTree = "<group>";
		};
		A8BD6F081A86387B00E9FC95 /* Spritesheets */ = {
			isa = PBXGroup;
			children = (
				A8BD6F0B1A86415E00E9FC95 /* bush.png */,
				A8BD6F091A8638A300E9FC95 /* tiles_spritesheet.png */,
			);
			name = Spritesheets;
			sourceTree = "<group>";
		};
		A8F488831A8541F700B76BEF = {
			isa = PBXGroup;
			children = (
				A8F4888E1A8541F700B76BEF /* BadTweet */,
				A8F488A81A8541F700B76BEF /* BadTweetTests */,
				A8F4888D1A8541F700B76BEF /* Products */,
			);
			sourceTree = "<group>";
		};
		A8F4888D1A8541F700B76BEF /* Products */ = {
			isa = PBXGroup;
			children = (
				A8F4888C1A8541F700B76BEF /* BadTweet.app */,
				A8F488A51A8541F700B76BEF /* BadTweetTests.xctest */,
			);
			name = Products;
			sourceTree = "<group>";
		};
		A8F4888E1A8541F700B76BEF /* BadTweet */ = {
			isa = PBXGroup;
			children = (
				A8F488951A8541F700B76BEF /* GameLevelScene.swift */,
				A8BD6F131A879E5000E9FC95 /* WorldLevel.swift */,
				A8BD6F111A87546100E9FC95 /* GameOverScene.swift */,
				A8BD6F041A86330800E9FC95 /* Player.swift */,
				A8BD6F0F1A86C36200E9FC95 /* SKUtils.swift */,
				A8F488971A8541F700B76BEF /* GameViewController.swift */,
				A8F488991A8541F700B76BEF /* Main.storyboard */,
				A8B00D641A87D533008ABABB /* Sounds */,
				A8BD6F031A86308400E9FC95 /* Levels */,
				A8BD6F081A86387B00E9FC95 /* Spritesheets */,
				A8F4889C1A8541F700B76BEF /* Images.xcassets */,
				A8F4889E1A8541F700B76BEF /* LaunchScreen.xib */,
				A8BD6EF91A86262900E9FC95 /* BadTweet-Bridging-Header.h */,
				A8BD6F001A86263200E9FC95 /* JSTileMap */,
				A8F4888F1A8541F700B76BEF /* Supporting Files */,
			);
			path = BadTweet;
			sourceTree = "<group>";
		};
		A8F4888F1A8541F700B76BEF /* Supporting Files */ = {
			isa = PBXGroup;
			children = (
				A8F488911A8541F700B76BEF /* AppDelegate.swift */,
				A8F488901A8541F700B76BEF /* Info.plist */,
				A8BD6F061A86371D00E9FC95 /* libz.dylib */,
			);
			name = "Supporting Files";
			sourceTree = "<group>";
		};
		A8F488A81A8541F700B76BEF /* BadTweetTests */ = {
			isa = PBXGroup;
			children = (
				A8F488AB1A8541F700B76BEF /* BadTweetTests.swift */,
				A8F488A91A8541F700B76BEF /* Supporting Files */,
			);
			path = BadTweetTests;
			sourceTree = "<group>";
		};
		A8F488A91A8541F700B76BEF /* Supporting Files */ = {
			isa = PBXGroup;
			children = (
				A8F488AA1A8541F700B76BEF /* Info.plist */,
			);
			name = "Supporting Files";
			sourceTree = "<group>";
		};
/* End PBXGroup section */

/* Begin PBXNativeTarget section */
		A8F4888B1A8541F700B76BEF /* BadTweet */ = {
			isa = PBXNativeTarget;
			buildConfigurationList = A8F488AF1A8541F700B76BEF /* Build configuration list for PBXNativeTarget "BadTweet" */;
			buildPhases = (
				A8F488881A8541F700B76BEF /* Sources */,
				A8F488891A8541F700B76BEF /* Frameworks */,
				A8F4888A1A8541F700B76BEF /* Resources */,
			);
			buildRules = (
			);
			dependencies = (
			);
			name = BadTweet;
			productName = BadTweet;
			productReference = A8F4888C1A8541F700B76BEF /* BadTweet.app */;
			productType = "com.apple.product-type.application";
		};
		A8F488A41A8541F700B76BEF /* BadTweetTests */ = {
			isa = PBXNativeTarget;
			buildConfigurationList = A8F488B21A8541F700B76BEF /* Build configuration list for PBXNativeTarget "BadTweetTests" */;
			buildPhases = (
				A8F488A11A8541F700B76BEF /* Sources */,
				A8F488A21A8541F700B76BEF /* Frameworks */,
				A8F488A31A8541F700B76BEF /* Resources */,
			);
			buildRules = (
			);
			dependencies = (
				A8F488A71A8541F700B76BEF /* PBXTargetDependency */,
			);
			name = BadTweetTests;
			productName = BadTweetTests;
			productReference = A8F488A51A8541F700B76BEF /* BadTweetTests.xctest */;
			productType = "com.apple.product-type.bundle.unit-test";
		};
/* End PBXNativeTarget section */

/* Begin PBXProject section */
		A8F488841A8541F700B76BEF /* Project object */ = {
			isa = PBXProject;
			attributes = {
				LastUpgradeCheck = 0610;
				ORGANIZATIONNAME = "Anthony Boutinov";
				TargetAttributes = {
					A8F4888B1A8541F700B76BEF = {
						CreatedOnToolsVersion = 6.1.1;
					};
					A8F488A41A8541F700B76BEF = {
						CreatedOnToolsVersion = 6.1.1;
						TestTargetID = A8F4888B1A8541F700B76BEF;
					};
				};
			};
			buildConfigurationList = A8F488871A8541F700B76BEF /* Build configuration list for PBXProject "BadTweet" */;
			compatibilityVersion = "Xcode 3.2";
			developmentRegion = English;
			hasScannedForEncodings = 0;
			knownRegions = (
				en,
				Base,
			);
			mainGroup = A8F488831A8541F700B76BEF;
			productRefGroup = A8F4888D1A8541F700B76BEF /* Products */;
			projectDirPath = "";
			projectRoot = "";
			targets = (
				A8F4888B1A8541F700B76BEF /* BadTweet */,
				A8F488A41A8541F700B76BEF /* BadTweetTests */,
			);
		};
/* End PBXProject section */

/* Begin PBXResourcesBuildPhase section */
		A8F4888A1A8541F700B76BEF /* Resources */ = {
			isa = PBXResourcesBuildPhase;
			buildActionMask = 2147483647;
			files = (
				A8F488A01A8541F700B76BEF /* LaunchScreen.xib in Resources */,
				A8F4889D1A8541F700B76BEF /* Images.xcassets in Resources */,
				A8BD6F021A86307F00E9FC95 /* World1Level1.tmx in Resources */,
				A8B00D671A87D5A3008ABABB /* jump.wav in Resources */,
				A8BD6F0A1A8638A300E9FC95 /* tiles_spritesheet.png in Resources */,
				A8F4889B1A8541F700B76BEF /* Main.storyboard in Resources */,
				A8BD6F0C1A86415E00E9FC95 /* bush.png in Resources */,
				A8B00D681A87D5A3008ABABB /* hurt.wav in Resources */,
			);
			runOnlyForDeploymentPostprocessing = 0;
		};
		A8F488A31A8541F700B76BEF /* Resources */ = {
			isa = PBXResourcesBuildPhase;
			buildActionMask = 2147483647;
			files = (
			);
			runOnlyForDeploymentPostprocessing = 0;
		};
/* End PBXResourcesBuildPhase section */

/* Begin PBXSourcesBuildPhase section */
		A8F488881A8541F700B76BEF /* Sources */ = {
			isa = PBXSourcesBuildPhase;
			buildActionMask = 2147483647;
			files = (
				A8BD6F101A86C36200E9FC95 /* SKUtils.swift in Sources */,
				A8BD6F141A879E5000E9FC95 /* WorldLevel.swift in Sources */,
				A8F488961A8541F700B76BEF /* GameLevelScene.swift in Sources */,
				A8BD6F121A87546100E9FC95 /* GameOverScene.swift in Sources */,
				A8BD6EFF1A86262A00E9FC95 /* LFCGzipUtility.m in Sources */,
				A8F488981A8541F700B76BEF /* GameViewController.swift in Sources */,
				A8F488921A8541F700B76BEF /* AppDelegate.swift in Sources */,
				A8BD6F051A86330800E9FC95 /* Player.swift in Sources */,
				A8BD6EFE1A86262A00E9FC95 /* JSTileMap.m in Sources */,
			);
			runOnlyForDeploymentPostprocessing = 0;
		};
		A8F488A11A8541F700B76BEF /* Sources */ = {
			isa = PBXSourcesBuildPhase;
			buildActionMask = 2147483647;
			files = (
				A8F488AC1A8541F700B76BEF /* BadTweetTests.swift in Sources */,
			);
			runOnlyForDeploymentPostprocessing = 0;
		};
/* End PBXSourcesBuildPhase section */

/* Begin PBXTargetDependency section */
		A8F488A71A8541F700B76BEF /* PBXTargetDependency */ = {
			isa = PBXTargetDependency;
			target = A8F4888B1A8541F700B76BEF /* BadTweet */;
			targetProxy = A8F488A61A8541F700B76BEF /* PBXContainerItemProxy */;
		};
/* End PBXTargetDependency section */

/* Begin PBXVariantGroup section */
		A8F488991A8541F700B76BEF /* Main.storyboard */ = {
			isa = PBXVariantGroup;
			children = (
				A8F4889A1A8541F700B76BEF /* Base */,
			);
			name = Main.storyboard;
			sourceTree = "<group>";
		};
		A8F4889E1A8541F700B76BEF /* LaunchScreen.xib */ = {
			isa = PBXVariantGroup;
			children = (
				A8F4889F1A8541F700B76BEF /* Base */,
			);
			name = LaunchScreen.xib;
			sourceTree = "<group>";
		};
/* End PBXVariantGroup section */

/* Begin XCBuildConfiguration section */
		A8F488AD1A8541F700B76BEF /* Debug */ = {
			isa = XCBuildConfiguration;
			buildSettings = {
				ALWAYS_SEARCH_USER_PATHS = NO;
				CLANG_CXX_LANGUAGE_STANDARD = "gnu++0x";
				CLANG_CXX_LIBRARY = "libc++";
				CLANG_ENABLE_MODULES = YES;
				CLANG_ENABLE_OBJC_ARC = YES;
				CLANG_WARN_BOOL_CONVERSION = YES;
				CLANG_WARN_CONSTANT_CONVERSION = YES;
				CLANG_WARN_DIRECT_OBJC_ISA_USAGE = YES_ERROR;
				CLANG_WARN_EMPTY_BODY = YES;
				CLANG_WARN_ENUM_CONVERSION = YES;
				CLANG_WARN_INT_CONVERSION = YES;
				CLANG_WARN_OBJC_ROOT_CLASS = YES_ERROR;
				CLANG_WARN_UNREACHABLE_CODE = YES;
				CLANG_WARN__DUPLICATE_METHOD_MATCH = YES;
				"CODE_SIGN_IDENTITY[sdk=iphoneos*]" = "iPhone Developer";
				COPY_PHASE_STRIP = NO;
				ENABLE_STRICT_OBJC_MSGSEND = YES;
				GCC_C_LANGUAGE_STANDARD = gnu99;
				GCC_DYNAMIC_NO_PIC = NO;
				GCC_OPTIMIZATION_LEVEL = 0;
				GCC_PREPROCESSOR_DEFINITIONS = (
					"DEBUG=1",
					"$(inherited)",
				);
				GCC_SYMBOLS_PRIVATE_EXTERN = NO;
				GCC_WARN_64_TO_32_BIT_CONVERSION = YES;
				GCC_WARN_ABOUT_RETURN_TYPE = YES_ERROR;
				GCC_WARN_UNDECLARED_SELECTOR = YES;
				GCC_WARN_UNINITIALIZED_AUTOS = YES_AGGRESSIVE;
				GCC_WARN_UNUSED_FUNCTION = YES;
				GCC_WARN_UNUSED_VARIABLE = YES;
				IPHONEOS_DEPLOYMENT_TARGET = 8.1;
				MTL_ENABLE_DEBUG_INFO = YES;
				ONLY_ACTIVE_ARCH = YES;
				SDKROOT = iphoneos;
				SWIFT_OPTIMIZATION_LEVEL = "-Onone";
			};
			name = Debug;
		};
		A8F488AE1A8541F700B76BEF /* Release */ = {
			isa = XCBuildConfiguration;
			buildSettings = {
				ALWAYS_SEARCH_USER_PATHS = NO;
				CLANG_CXX_LANGUAGE_STANDARD = "gnu++0x";
				CLANG_CXX_LIBRARY = "libc++";
				CLANG_ENABLE_MODULES = YES;
				CLANG_ENABLE_OBJC_ARC = YES;
				CLANG_WARN_BOOL_CONVERSION = YES;
				CLANG_WARN_CONSTANT_CONVERSION = YES;
				CLANG_WARN_DIRECT_OBJC_ISA_USAGE = YES_ERROR;
				CLANG_WARN_EMPTY_BODY = YES;
				CLANG_WARN_ENUM_CONVERSION = YES;
				CLANG_WARN_INT_CONVERSION = YES;
				CLANG_WARN_OBJC_ROOT_CLASS = YES_ERROR;
				CLANG_WARN_UNREACHABLE_CODE = YES;
				CLANG_WARN__DUPLICATE_METHOD_MATCH = YES;
				"CODE_SIGN_IDENTITY[sdk=iphoneos*]" = "iPhone Developer";
				COPY_PHASE_STRIP = YES;
				ENABLE_NS_ASSERTIONS = NO;
				ENABLE_STRICT_OBJC_MSGSEND = YES;
				GCC_C_LANGUAGE_STANDARD = gnu99;
				GCC_WARN_64_TO_32_BIT_CONVERSION = YES;
				GCC_WARN_ABOUT_RETURN_TYPE = YES_ERROR;
				GCC_WARN_UNDECLARED_SELECTOR = YES;
				GCC_WARN_UNINITIALIZED_AUTOS = YES_AGGRESSIVE;
				GCC_WARN_UNUSED_FUNCTION = YES;
				GCC_WARN_UNUSED_VARIABLE = YES;
				IPHONEOS_DEPLOYMENT_TARGET = 8.1;
				MTL_ENABLE_DEBUG_INFO = NO;
				SDKROOT = iphoneos;
				VALIDATE_PRODUCT = YES;
			};
			name = Release;
		};
		A8F488B01A8541F700B76BEF /* Debug */ = {
			isa = XCBuildConfiguration;
			buildSettings = {
				ASSETCATALOG_COMPILER_APPICON_NAME = AppIcon;
				CLANG_ENABLE_MODULES = YES;
				INFOPLIST_FILE = BadTweet/Info.plist;
				LD_RUNPATH_SEARCH_PATHS = "$(inherited) @executable_path/Frameworks";
				PRODUCT_NAME = "$(TARGET_NAME)";
				SWIFT_OBJC_BRIDGING_HEADER = "BadTweet/BadTweet-Bridging-Header.h";
				SWIFT_OPTIMIZATION_LEVEL = "-Onone";
			};
			name = Debug;
		};
		A8F488B11A8541F700B76BEF /* Release */ = {
			isa = XCBuildConfiguration;
			buildSettings = {
				ASSETCATALOG_COMPILER_APPICON_NAME = AppIcon;
				CLANG_ENABLE_MODULES = YES;
				INFOPLIST_FILE = BadTweet/Info.plist;
				LD_RUNPATH_SEARCH_PATHS = "$(inherited) @executable_path/Frameworks";
				PRODUCT_NAME = "$(TARGET_NAME)";
				SWIFT_OBJC_BRIDGING_HEADER = "BadTweet/BadTweet-Bridging-Header.h";
			};
			name = Release;
		};
		A8F488B31A8541F700B76BEF /* Debug */ = {
			isa = XCBuildConfiguration;
			buildSettings = {
				BUNDLE_LOADER = "$(TEST_HOST)";
				FRAMEWORK_SEARCH_PATHS = (
					"$(SDKROOT)/Developer/Library/Frameworks",
					"$(inherited)",
				);
				GCC_PREPROCESSOR_DEFINITIONS = (
					"DEBUG=1",
					"$(inherited)",
				);
				INFOPLIST_FILE = BadTweetTests/Info.plist;
				LD_RUNPATH_SEARCH_PATHS = "$(inherited) @executable_path/Frameworks @loader_path/Frameworks";
				PRODUCT_NAME = "$(TARGET_NAME)";
				TEST_HOST = "$(BUILT_PRODUCTS_DIR)/BadTweet.app/BadTweet";
			};
			name = Debug;
		};
		A8F488B41A8541F700B76BEF /* Release */ = {
			isa = XCBuildConfiguration;
			buildSettings = {
				BUNDLE_LOADER = "$(TEST_HOST)";
				FRAMEWORK_SEARCH_PATHS = (
					"$(SDKROOT)/Developer/Library/Frameworks",
					"$(inherited)",
				);
				INFOPLIST_FILE = BadTweetTests/Info.plist;
				LD_RUNPATH_SEARCH_PATHS = "$(inherited) @executable_path/Frameworks @loader_path/Frameworks";
				PRODUCT_NAME = "$(TARGET_NAME)";
				TEST_HOST = "$(BUILT_PRODUCTS_DIR)/BadTweet.app/BadTweet";
			};
			name = Release;
		};
/* End XCBuildConfiguration section */

/* Begin XCConfigurationList section */
		A8F488871A8541F700B76BEF /* Build configuration list for PBXProject "BadTweet" */ = {
			isa = XCConfigurationList;
			buildConfigurations = (
				A8F488AD1A8541F700B76BEF /* Debug */,
				A8F488AE1A8541F700B76BEF /* Release */,
			);
			defaultConfigurationIsVisible = 0;
			defaultConfigurationName = Release;
		};
		A8F488AF1A8541F700B76BEF /* Build configuration list for PBXNativeTarget "BadTweet" */ = {
			isa = XCConfigurationList;
			buildConfigurations = (
				A8F488B01A8541F700B76BEF /* Debug */,
				A8F488B11A8541F700B76BEF /* Release */,
			);
			defaultConfigurationIsVisible = 0;
			defaultConfigurationName = Release;
		};
		A8F488B21A8541F700B76BEF /* Build configuration list for PBXNativeTarget "BadTweetTests" */ = {
			isa = XCConfigurationList;
			buildConfigurations = (
				A8F488B31A8541F700B76BEF /* Debug */,
				A8F488B41A8541F700B76BEF /* Release */,
			);
			defaultConfigurationIsVisible = 0;
			defaultConfigurationName = Release;
		};
/* End XCConfigurationList section */
	};
	rootObject = A8F488841A8541F700B76BEF /* Project object */;
}
